
Microsoft Visual Studio Solution File, Format Version 12.00
# Visual Studio Version 17
VisualStudioVersion = 17.1.32421.90
MinimumVisualStudioVersion = 10.0.40219.1
Project("{FAE04EC0-301F-11D3-BF4B-00C04F79EFBC}") = "MoodAnalyzer", "MoodAnalyzer.csproj", "{AB084F32-BAA6-4CF2-8239-5E55619B317B}"
EndProject
Project("{FAE04EC0-301F-11D3-BF4B-00C04F79EFBC}") = "MoodAnalyzerTests", "..\MoodAnalyzerTests\MoodAnalyzerTests.csproj", "{C01C7719-D5A3-48AF-9861-C125C5F39E3A}"
EndProject
Global
	GlobalSection(SolutionConfigurationPlatforms) = preSolution
		Debug|Any CPU = Debug|Any CPU
		Release|Any CPU = Release|Any CPU
	EndGlobalSection
	GlobalSection(ProjectConfigurationPlatforms) = postSolution
		{AB084F32-BAA6-4CF2-8239-5E55619B317B}.Debug|Any CPU.ActiveCfg = Debug|Any CPU
		{AB084F32-BAA6-4CF2-8239-5E55619B317B}.Debug|Any CPU.Build.0 = Debug|Any CPU
		{AB084F32-BAA6-4CF2-8239-5E55619B317B}.Release|Any CPU.ActiveCfg = Release|Any CPU
		{AB084F32-BAA6-4CF2-8239-5E55619B317B}.Release|Any CPU.Build.0 = Release|Any CPU
		{C01C7719-D5A3-48AF-9861-C125C5F39E3A}.Debug|Any CPU.ActiveCfg = Debug|Any CPU
		{C01C7719-D5A3-48AF-9861-C125C5F39E3A}.Debug|Any CPU.Build.0 = Debug|Any CPU
		{C01C7719-D5A3-48AF-9861-C125C5F39E3A}.Release|Any CPU.ActiveCfg = Release|Any CPU
		{C01C7719-D5A3-48AF-9861-C125C5F39E3A}.Release|Any CPU.Build.0 = Release|Any CPU
	EndGlobalSection
	GlobalSection(SolutionProperties) = preSolution
		HideSolutionNode = FALSE
	EndGlobalSection
	GlobalSection(ExtensibilityGlobals) = postSolution
		SolutionGuid = {7539C245-C609-4437-819C-F8339E8A53B7}
	EndGlobalSection
EndGlobal
